
Microsoft Visual Studio Solution File, Format Version 12.00
# Visual Studio Version 17
VisualStudioVersion = 17.11.35312.102
MinimumVisualStudioVersion = 10.0.40219.1
Project("{FAE04EC0-301F-11D3-BF4B-00C04F79EFBC}") = "BlazorApp", "BlazorApp\BlazorApp.csproj", "{450B6D88-68C2-4F3C-A966-940BA8373ECB}"
EndProject
Global
	GlobalSection(SolutionConfigurationPlatforms) = preSolution
		Debug|Any CPU = Debug|Any CPU
		Release|Any CPU = Release|Any CPU
	EndGlobalSection
	GlobalSection(ProjectConfigurationPlatforms) = postSolution
		{450B6D88-68C2-4F3C-A966-940BA8373ECB}.Debug|Any CPU.ActiveCfg = Debug|Any CPU
		{450B6D88-68C2-4F3C-A966-940BA8373ECB}.Debug|Any CPU.Build.0 = Debug|Any CPU
		{450B6D88-68C2-4F3C-A966-940BA8373ECB}.Release|Any CPU.ActiveCfg = Release|Any CPU
		{450B6D88-68C2-4F3C-A966-940BA8373ECB}.Release|Any CPU.Build.0 = Release|Any CPU
	EndGlobalSection
	GlobalSection(SolutionProperties) = preSolution
		HideSolutionNode = FALSE
	EndGlobalSection
	GlobalSection(ExtensibilityGlobals) = postSolution
		SolutionGuid = {0F3E659C-D05F-4289-9A32-1F3356695854}
	EndGlobalSection
EndGlobal
